
Microsoft Visual Studio Solution File, Format Version 10.00
# Visual Studio 2008
Project("{FAE04EC0-301F-11D3-BF4B-00C04F79EFBC}") = "RxAs.Rx2.ProofTests", "RxAs.Rx2.ProofTests\RxAs.Rx2.ProofTests.csproj", "{FDC6CB4F-6F46-4C52-9418-4B66A164DB24}"
EndProject
Global
	GlobalSection(SolutionConfigurationPlatforms) = preSolution
		Debug|Any CPU = Debug|Any CPU
		Release|Any CPU = Release|Any CPU
	EndGlobalSection
	GlobalSection(ProjectConfigurationPlatforms) = postSolution
		{FDC6CB4F-6F46-4C52-9418-4B66A164DB24}.Debug|Any CPU.ActiveCfg = Debug|Any CPU
		{FDC6CB4F-6F46-4C52-9418-4B66A164DB24}.Debug|Any CPU.Build.0 = Debug|Any CPU
		{FDC6CB4F-6F46-4C52-9418-4B66A164DB24}.Release|Any CPU.ActiveCfg = Release|Any CPU
		{FDC6CB4F-6F46-4C52-9418-4B66A164DB24}.Release|Any CPU.Build.0 = Release|Any CPU
	EndGlobalSection
	GlobalSection(SolutionProperties) = preSolution
		HideSolutionNode = FALSE
	EndGlobalSection
EndGlobal
